{
  "nodes": {
    "nixpkgs": {
      "locked": {
        "lastModified": 0,
        "narHash": "sha256-mRXqCdlnxPgm3Wk7mNAOanl7B3Q3U5scYTEiyYmNEOE=",
        "path": "/nix/store/qdblsqzrzarf9am35r6nqnvlsl7dammk-source",
        "type": "path"
      },
      "original": {
        "id": "current",
        "type": "indirect"
      }
    },
    "root": {
      "inputs": {
        "nixpkgs": "nixpkgs"
      }
    }
  },
  "root": "root",
  "version": 7
}
